<?xml version="1.0" encoding="utf-8"?>
<Project ToolsVersion="4.0" xmlns="http://schemas.microsoft.com/developer/msbuild/2003">
  <ItemGroup>
    <ClCompile Include="main.cpp" />
    <ClCompile Include="common.cpp">
      <Filter>common</Filter>
    </ClCompile>
    <ClCompile Include="GPU.h">
      <Filter>gpu</Filter>
    </ClCompile>
    <ClCompile Include="GPU.cpp">
      <Filter>gpu</Filter>
    </ClCompile>
    <ClCompile Include="mcts_player.cpp">
      <Filter>players\mcts_player</Filter>
    </ClCompile>
    <ClCompile Include="human_player.cpp">
      <Filter>players\human_player</Filter>
    </ClCompile>
  </ItemGroup>
  <ItemGroup>
    <ClInclude Include="player.h">
      <Filter>players</Filter>
    </ClInclude>
    <ClInclude Include="common.h">
      <Filter>common</Filter>
    </ClInclude>
    <ClInclude Include="moves_getter.h">
      <Filter>players</Filter>
    </ClInclude>
    <ClInclude Include="mcts_player.h">
      <Filter>players\mcts_player</Filter>
    </ClInclude>
    <ClInclude Include="human_player.h">
      <Filter>players\human_player</Filter>
    </ClInclude>
  </ItemGroup>
  <ItemGroup>
    <Filter Include="common">
      <UniqueIdentifier>{4b19762a-8058-419b-8208-339e2ccfc5c5}</UniqueIdentifier>
    </Filter>
    <Filter Include="players">
      <UniqueIdentifier>{8d36ec97-36bb-4a8c-a6ed-77c96c013288}</UniqueIdentifier>
    </Filter>
    <Filter Include="gpu">
      <UniqueIdentifier>{efe48f2b-c2e6-4727-8314-ee8ec25286c0}</UniqueIdentifier>
    </Filter>
    <Filter Include="players\mcts_player">
      <UniqueIdentifier>{301fad95-59c2-4176-813c-dbfbdd757b1e}</UniqueIdentifier>
    </Filter>
    <Filter Include="players\human_player">
      <UniqueIdentifier>{f817f542-0d1b-4904-b0a5-c9fedb53d753}</UniqueIdentifier>
    </Filter>
  </ItemGroup>
  <ItemGroup>
    <CudaCompile Include="mcts_kernel.cu">
      <Filter>gpu</Filter>
    </CudaCompile>
    <CudaCompile Include="mcts_kernel.cuh">
      <Filter>gpu</Filter>
    </CudaCompile>
  </ItemGroup>
</Project>